
Microsoft Visual Studio Solution File, Format Version 12.00
# Visual Studio Version 16
VisualStudioVersion = 16.0.810.25
MinimumVisualStudioVersion = 10.0.40219.1
Project("{FAE04EC0-301F-11D3-BF4B-00C04F79EFBC}") = "testingcam.Android", "testingcam.Android\testingcam.Android.csproj", "{D95F72B8-D0B1-4D17-85EF-1CF07C51E737}"
EndProject
Project("{FAE04EC0-301F-11D3-BF4B-00C04F79EFBC}") = "testingcam.iOS", "testingcam.iOS\testingcam.iOS.csproj", "{8FCF710C-14B0-42DD-9EB8-8CB2093374A2}"
EndProject
Project("{FAE04EC0-301F-11D3-BF4B-00C04F79EFBC}") = "testingcam", "testingcam\testingcam.csproj", "{17CB9F5A-6F98-4EC2-9D1C-3C8BDD3A2575}"
EndProject
Global
	GlobalSection(SolutionConfigurationPlatforms) = preSolution
		Debug|Any CPU = Debug|Any CPU
		Release|Any CPU = Release|Any CPU
		Debug|iPhoneSimulator = Debug|iPhoneSimulator
		Release|iPhoneSimulator = Release|iPhoneSimulator
		Debug|iPhone = Debug|iPhone
		Release|iPhone = Release|iPhone
	EndGlobalSection
	GlobalSection(ProjectConfigurationPlatforms) = postSolution
		{D95F72B8-D0B1-4D17-85EF-1CF07C51E737}.Debug|Any CPU.ActiveCfg = Debug|Any CPU
		{D95F72B8-D0B1-4D17-85EF-1CF07C51E737}.Debug|Any CPU.Build.0 = Debug|Any CPU
		{D95F72B8-D0B1-4D17-85EF-1CF07C51E737}.Release|Any CPU.ActiveCfg = Release|Any CPU
		{D95F72B8-D0B1-4D17-85EF-1CF07C51E737}.Release|Any CPU.Build.0 = Release|Any CPU
		{D95F72B8-D0B1-4D17-85EF-1CF07C51E737}.Debug|iPhoneSimulator.ActiveCfg = Debug|Any CPU
		{D95F72B8-D0B1-4D17-85EF-1CF07C51E737}.Debug|iPhoneSimulator.Build.0 = Debug|Any CPU
		{D95F72B8-D0B1-4D17-85EF-1CF07C51E737}.Release|iPhoneSimulator.ActiveCfg = Release|Any CPU
		{D95F72B8-D0B1-4D17-85EF-1CF07C51E737}.Release|iPhoneSimulator.Build.0 = Release|Any CPU
		{D95F72B8-D0B1-4D17-85EF-1CF07C51E737}.Debug|iPhone.ActiveCfg = Debug|Any CPU
		{D95F72B8-D0B1-4D17-85EF-1CF07C51E737}.Debug|iPhone.Build.0 = Debug|Any CPU
		{D95F72B8-D0B1-4D17-85EF-1CF07C51E737}.Release|iPhone.ActiveCfg = Release|Any CPU
		{D95F72B8-D0B1-4D17-85EF-1CF07C51E737}.Release|iPhone.Build.0 = Release|Any CPU
		{8FCF710C-14B0-42DD-9EB8-8CB2093374A2}.Debug|Any CPU.ActiveCfg = Debug|iPhoneSimulator
		{8FCF710C-14B0-42DD-9EB8-8CB2093374A2}.Debug|Any CPU.Build.0 = Debug|iPhoneSimulator
		{8FCF710C-14B0-42DD-9EB8-8CB2093374A2}.Release|Any CPU.ActiveCfg = Release|iPhoneSimulator
		{8FCF710C-14B0-42DD-9EB8-8CB2093374A2}.Release|Any CPU.Build.0 = Release|iPhoneSimulator
		{8FCF710C-14B0-42DD-9EB8-8CB2093374A2}.Debug|iPhoneSimulator.ActiveCfg = Debug|iPhoneSimulator
		{8FCF710C-14B0-42DD-9EB8-8CB2093374A2}.Debug|iPhoneSimulator.Build.0 = Debug|iPhoneSimulator
		{8FCF710C-14B0-42DD-9EB8-8CB2093374A2}.Release|iPhoneSimulator.ActiveCfg = Release|iPhoneSimulator
		{8FCF710C-14B0-42DD-9EB8-8CB2093374A2}.Release|iPhoneSimulator.Build.0 = Release|iPhoneSimulator
		{8FCF710C-14B0-42DD-9EB8-8CB2093374A2}.Debug|iPhone.ActiveCfg = Debug|iPhone
		{8FCF710C-14B0-42DD-9EB8-8CB2093374A2}.Debug|iPhone.Build.0 = Debug|iPhone
		{8FCF710C-14B0-42DD-9EB8-8CB2093374A2}.Release|iPhone.ActiveCfg = Release|iPhone
		{8FCF710C-14B0-42DD-9EB8-8CB2093374A2}.Release|iPhone.Build.0 = Release|iPhone
		{17CB9F5A-6F98-4EC2-9D1C-3C8BDD3A2575}.Debug|Any CPU.ActiveCfg = Debug|Any CPU
		{17CB9F5A-6F98-4EC2-9D1C-3C8BDD3A2575}.Debug|Any CPU.Build.0 = Debug|Any CPU
		{17CB9F5A-6F98-4EC2-9D1C-3C8BDD3A2575}.Release|Any CPU.ActiveCfg = Release|Any CPU
		{17CB9F5A-6F98-4EC2-9D1C-3C8BDD3A2575}.Release|Any CPU.Build.0 = Release|Any CPU
		{17CB9F5A-6F98-4EC2-9D1C-3C8BDD3A2575}.Debug|iPhoneSimulator.ActiveCfg = Debug|Any CPU
		{17CB9F5A-6F98-4EC2-9D1C-3C8BDD3A2575}.Debug|iPhoneSimulator.Build.0 = Debug|Any CPU
		{17CB9F5A-6F98-4EC2-9D1C-3C8BDD3A2575}.Release|iPhoneSimulator.ActiveCfg = Release|Any CPU
		{17CB9F5A-6F98-4EC2-9D1C-3C8BDD3A2575}.Release|iPhoneSimulator.Build.0 = Release|Any CPU
		{17CB9F5A-6F98-4EC2-9D1C-3C8BDD3A2575}.Debug|iPhone.ActiveCfg = Debug|Any CPU
		{17CB9F5A-6F98-4EC2-9D1C-3C8BDD3A2575}.Debug|iPhone.Build.0 = Debug|Any CPU
		{17CB9F5A-6F98-4EC2-9D1C-3C8BDD3A2575}.Release|iPhone.ActiveCfg = Release|Any CPU
		{17CB9F5A-6F98-4EC2-9D1C-3C8BDD3A2575}.Release|iPhone.Build.0 = Release|Any CPU
	EndGlobalSection
	GlobalSection(SolutionProperties) = preSolution
		HideSolutionNode = FALSE
	EndGlobalSection
	GlobalSection(ExtensibilityGlobals) = postSolution
		SolutionGuid = {1852B386-B0B3-4AC3-ABB6-B68ED42B44EC}
	EndGlobalSection
EndGlobal
